// !$*UTF8*$!
{
	archiveVersion = 1;
	classes = {
	};
	objectVersion = 46;
	objects = {

/* Begin PBXBuildFile section */
		7A58B00B1DD2D8A900E48299 /* Vc2.swift in Sources */ = {isa = PBXBuildFile; fileRef = 7A58B00A1DD2D8A900E48299 /* Vc2.swift */; };
		7A58B00D1DD2D92600E48299 /* Vc3.swift in Sources */ = {isa = PBXBuildFile; fileRef = 7A58B00C1DD2D92600E48299 /* Vc3.swift */; };
		7A58B00F1DD2D9C800E48299 /* CustomTabbarController.swift in Sources */ = {isa = PBXBuildFile; fileRef = 7A58B00E1DD2D9C800E48299 /* CustomTabbarController.swift */; };
		7AD5E8771DD2D5E000AB8107 /* AppDelegate.swift in Sources */ = {isa = PBXBuildFile; fileRef = 7AD5E8761DD2D5E000AB8107 /* AppDelegate.swift */; };
		7AD5E8791DD2D5E000AB8107 /* Vc1.swift in Sources */ = {isa = PBXBuildFile; fileRef = 7AD5E8781DD2D5E000AB8107 /* Vc1.swift */; };
		7AD5E87C1DD2D5E000AB8107 /* Main.storyboard in Resources */ = {isa = PBXBuildFile; fileRef = 7AD5E87A1DD2D5E000AB8107 /* Main.storyboard */; };
		7AD5E87E1DD2D5E000AB8107 /* Assets.xcassets in Resources */ = {isa = PBXBuildFile; fileRef = 7AD5E87D1DD2D5E000AB8107 /* Assets.xcassets */; };
		7AD5E8811DD2D5E000AB8107 /* LaunchScreen.storyboard in Resources */ = {isa = PBXBuildFile; fileRef = 7AD5E87F1DD2D5E000AB8107 /* LaunchScreen.storyboard */; };
/* End PBXBuildFile section */

/* Begin PBXFileReference section */
		7A58B00A1DD2D8A900E48299 /* Vc2.swift */ = {isa = PBXFileReference; fileEncoding = 4; lastKnownFileType = sourcecode.swift; path = Vc2.swift; sourceTree = "<group>"; };
		7A58B00C1DD2D92600E48299 /* Vc3.swift */ = {isa = PBXFileReference; fileEncoding = 4; lastKnownFileType = sourcecode.swift; path = Vc3.swift; sourceTree = "<group>"; };
		7A58B00E1DD2D9C800E48299 /* CustomTabbarController.swift */ = {isa = PBXFileReference; fileEncoding = 4; lastKnownFileType = sourcecode.swift; path = CustomTabbarController.swift; sourceTree = "<group>"; };
		7AD5E8731DD2D5E000AB8107 /* sampleCoolTabbar.app */ = {isa = PBXFileReference; explicitFileType = wrapper.application; includeInIndex = 0; path = sampleCoolTabbar.app; sourceTree = BUILT_PRODUCTS_DIR; };
		7AD5E8761DD2D5E000AB8107 /* AppDelegate.swift */ = {isa = PBXFileReference; lastKnownFileType = sourcecode.swift; path = AppDelegate.swift; sourceTree = "<group>"; };
		7AD5E8781DD2D5E000AB8107 /* Vc1.swift */ = {isa = PBXFileReference; lastKnownFileType = sourcecode.swift; path = Vc1.swift; sourceTree = "<group>"; };
		7AD5E87B1DD2D5E000AB8107 /* Base */ = {isa = PBXFileReference; lastKnownFileType = file.storyboard; name = Base; path = Base.lproj/Main.storyboard; sourceTree = "<group>"; };
		7AD5E87D1DD2D5E000AB8107 /* Assets.xcassets */ = {isa = PBXFileReference; lastKnownFileType = folder.assetcatalog; path = Assets.xcassets; sourceTree = "<group>"; };
		7AD5E8801DD2D5E000AB8107 /* Base */ = {isa = PBXFileReference; lastKnownFileType = file.storyboard; name = Base; path = Base.lproj/LaunchScreen.storyboard; sourceTree = "<group>"; };
		7AD5E8821DD2D5E000AB8107 /* Info.plist */ = {isa = PBXFileReference; lastKnownFileType = text.plist.xml; path = Info.plist; sourceTree = "<group>"; };
/* End PBXFileReference section */

/* Begin PBXFrameworksBuildPhase section */
		7AD5E8701DD2D5DF00AB8107 /* Frameworks */ = {
			isa = PBXFrameworksBuildPhase;
			buildActionMask = 2147483647;
			files = (
			);
			runOnlyForDeploymentPostprocessing = 0;
		};
/* End PBXFrameworksBuildPhase section */

/* Begin PBXGroup section */
		7AD5E86A1DD2D5DF00AB8107 = {
			isa = PBXGroup;
			children = (
				7AD5E8751DD2D5E000AB8107 /* sampleCoolTabbar */,
				7AD5E8741DD2D5E000AB8107 /* Products */,
			);
			sourceTree = "<group>";
		};
		7AD5E8741DD2D5E000AB8107 /* Products */ = {
			isa = PBXGroup;
			children = (
				7AD5E8731DD2D5E000AB8107 /* sampleCoolTabbar.app */,
			);
			name = Products;
			sourceTree = "<group>";
		};
		7AD5E8751DD2D5E000AB8107 /* sampleCoolTabbar */ = {
			isa = PBXGroup;
			children = (
				7A58B00E1DD2D9C800E48299 /* CustomTabbarController.swift */,
				7AD5E8761DD2D5E000AB8107 /* AppDelegate.swift */,
				7AD5E8781DD2D5E000AB8107 /* Vc1.swift */,
				7A58B00A1DD2D8A900E48299 /* Vc2.swift */,
				7A58B00C1DD2D92600E48299 /* Vc3.swift */,
				7AD5E87A1DD2D5E000AB8107 /* Main.storyboard */,
				7AD5E87D1DD2D5E000AB8107 /* Assets.xcassets */,
				7AD5E87F1DD2D5E000AB8107 /* LaunchScreen.storyboard */,
				7AD5E8821DD2D5E000AB8107 /* Info.plist */,
			);
			path = sampleCoolTabbar;
			sourceTree = "<group>";
		};
/* End PBXGroup section */

/* Begin PBXNativeTarget section */
		7AD5E8721DD2D5DF00AB8107 /* sampleCoolTabbar */ = {
			isa = PBXNativeTarget;
			buildConfigurationList = 7AD5E8851DD2D5E000AB8107 /* Build configuration list for PBXNativeTarget "sampleCoolTabbar" */;
			buildPhases = (
				7AD5E86F1DD2D5DF00AB8107 /* Sources */,
				7AD5E8701DD2D5DF00AB8107 /* Frameworks */,
				7AD5E8711DD2D5DF00AB8107 /* Resources */,
			);
			buildRules = (
			);
			dependencies = (
			);
			name = sampleCoolTabbar;
			productName = sampleCoolTabbar;
			productReference = 7AD5E8731DD2D5E000AB8107 /* sampleCoolTabbar.app */;
			productType = "com.apple.product-type.application";
		};
/* End PBXNativeTarget section */

/* Begin PBXProject section */
		7AD5E86B1DD2D5DF00AB8107 /* Project object */ = {
			isa = PBXProject;
			attributes = {
				LastSwiftUpdateCheck = 0800;
				LastUpgradeCheck = 0800;
				ORGANIZATIONNAME = "Muneharu Onoue";
				TargetAttributes = {
					7AD5E8721DD2D5DF00AB8107 = {
						CreatedOnToolsVersion = 8.0;
						DevelopmentTeam = 9F3KC5MR2C;
						ProvisioningStyle = Automatic;
					};
				};
			};
			buildConfigurationList = 7AD5E86E1DD2D5DF00AB8107 /* Build configuration list for PBXProject "sampleCoolTabbar" */;
			compatibilityVersion = "Xcode 3.2";
			developmentRegion = English;
			hasScannedForEncodings = 0;
			knownRegions = (
				en,
				Base,
			);
			mainGroup = 7AD5E86A1DD2D5DF00AB8107;
			productRefGroup = 7AD5E8741DD2D5E000AB8107 /* Products */;
			projectDirPath = "";
			projectRoot = "";
			targets = (
				7AD5E8721DD2D5DF00AB8107 /* sampleCoolTabbar */,
			);
		};
/* End PBXProject section */

/* Begin PBXResourcesBuildPhase section */
		7AD5E8711DD2D5DF00AB8107 /* Resources */ = {
			isa = PBXResourcesBuildPhase;
			buildActionMask = 2147483647;
			files = (
				7AD5E8811DD2D5E000AB8107 /* LaunchScreen.storyboard in Resources */,
				7AD5E87E1DD2D5E000AB8107 /* Assets.xcassets in Resources */,
				7AD5E87C1DD2D5E000AB8107 /* Main.storyboard in Resources */,
			);
			runOnlyForDeploymentPostprocessing = 0;
		};
/* End PBXResourcesBuildPhase section */

/* Begin PBXSourcesBuildPhase section */
		7AD5E86F1DD2D5DF00AB8107 /* Sources */ = {
			isa = PBXSourcesBuildPhase;
			buildActionMask = 2147483647;
			files = (
				7A58B00D1DD2D92600E48299 /* Vc3.swift in Sources */,
				7AD5E8791DD2D5E000AB8107 /* Vc1.swift in Sources */,
				7A58B00F1DD2D9C800E48299 /* CustomTabbarController.swift in Sources */,
				7AD5E8771DD2D5E000AB8107 /* AppDelegate.swift in Sources */,
				7A58B00B1DD2D8A900E48299 /* Vc2.swift in Sources */,
			);
			runOnlyForDeploymentPostprocessing = 0;
		};
/* End PBXSourcesBuildPhase section */

/* Begin PBXVariantGroup section */
		7AD5E87A1DD2D5E000AB8107 /* Main.storyboard */ = {
			isa = PBXVariantGroup;
			children = (
				7AD5E87B1DD2D5E000AB8107 /* Base */,
			);
			name = Main.storyboard;
			sourceTree = "<group>";
		};
		7AD5E87F1DD2D5E000AB8107 /* LaunchScreen.storyboard */ = {
			isa = PBXVariantGroup;
			children = (
				7AD5E8801DD2D5E000AB8107 /* Base */,
			);
			name = LaunchScreen.storyboard;
			sourceTree = "<group>";
		};
/* End PBXVariantGroup section */

/* Begin XCBuildConfiguration section */
		7AD5E8831DD2D5E000AB8107 /* Debug */ = {
			isa = XCBuildConfiguration;
			buildSettings = {
				ALWAYS_SEARCH_USER_PATHS = NO;
				CLANG_ANALYZER_NONNULL = YES;
				CLANG_CXX_LANGUAGE_STANDARD = "gnu++0x";
				CLANG_CXX_LIBRARY = "libc++";
				CLANG_ENABLE_MODULES = YES;
				CLANG_ENABLE_OBJC_ARC = YES;
				CLANG_WARN_BOOL_CONVERSION = YES;
				CLANG_WARN_CONSTANT_CONVERSION = YES;
				CLANG_WARN_DIRECT_OBJC_ISA_USAGE = YES_ERROR;
				CLANG_WARN_DOCUMENTATION_COMMENTS = YES;
				CLANG_WARN_EMPTY_BODY = YES;
				CLANG_WARN_ENUM_CONVERSION = YES;
				CLANG_WARN_INFINITE_RECURSION = YES;
				CLANG_WARN_INT_CONVERSION = YES;
				CLANG_WARN_OBJC_ROOT_CLASS = YES_ERROR;
				CLANG_WARN_SUSPICIOUS_MOVES = YES;
				CLANG_WARN_UNREACHABLE_CODE = YES;
				CLANG_WARN__DUPLICATE_METHOD_MATCH = YES;
				"CODE_SIGN_IDENTITY[sdk=iphoneos*]" = "iPhone Developer";
				COPY_PHASE_STRIP = NO;
				DEBUG_INFORMATION_FORMAT = dwarf;
				ENABLE_STRICT_OBJC_MSGSEND = YES;
				ENABLE_TESTABILITY = YES;
				GCC_C_LANGUAGE_STANDARD = gnu99;
				GCC_DYNAMIC_NO_PIC = NO;
				GCC_NO_COMMON_BLOCKS = YES;
				GCC_OPTIMIZATION_LEVEL = 0;
				GCC_PREPROCESSOR_DEFINITIONS = (
					"DEBUG=1",
					"$(inherited)",
				);
				GCC_WARN_64_TO_32_BIT_CONVERSION = YES;
				GCC_WARN_ABOUT_RETURN_TYPE = YES_ERROR;
				GCC_WARN_UNDECLARED_SELECTOR = YES;
				GCC_WARN_UNINITIALIZED_AUTOS = YES_AGGRESSIVE;
				GCC_WARN_UNUSED_FUNCTION = YES;
				GCC_WARN_UNUSED_VARIABLE = YES;
				IPHONEOS_DEPLOYMENT_TARGET = 9.3;
				MTL_ENABLE_DEBUG_INFO = YES;
				ONLY_ACTIVE_ARCH = YES;
				SDKROOT = iphoneos;
				SWIFT_ACTIVE_COMPILATION_CONDITIONS = DEBUG;
				SWIFT_OPTIMIZATION_LEVEL = "-Onone";
			};
			name = Debug;
		};
		7AD5E8841DD2D5E000AB8107 /* Release */ = {
			isa = XCBuildConfiguration;
			buildSettings = {
				ALWAYS_SEARCH_USER_PATHS = NO;
				CLANG_ANALYZER_NONNULL = YES;
				CLANG_CXX_LANGUAGE_STANDARD = "gnu++0x";
				CLANG_CXX_LIBRARY = "libc++";
				CLANG_ENABLE_MODULES = YES;
				CLANG_ENABLE_OBJC_ARC = YES;
				CLANG_WARN_BOOL_CONVERSION = YES;
				CLANG_WARN_CONSTANT_CONVERSION = YES;
				CLANG_WARN_DIRECT_OBJC_ISA_USAGE = YES_ERROR;
				CLANG_WARN_DOCUMENTATION_COMMENTS = YES;
				CLANG_WARN_EMPTY_BODY = YES;
				CLANG_WARN_ENUM_CONVERSION = YES;
				CLANG_WARN_INFINITE_RECURSION = YES;
				CLANG_WARN_INT_CONVERSION = YES;
				CLANG_WARN_OBJC_ROOT_CLASS = YES_ERROR;
				CLANG_WARN_SUSPICIOUS_MOVES = YES;
				CLANG_WARN_UNREACHABLE_CODE = YES;
				CLANG_WARN__DUPLICATE_METHOD_MATCH = YES;
				"CODE_SIGN_IDENTITY[sdk=iphoneos*]" = "iPhone Developer";
				COPY_PHASE_STRIP = NO;
				DEBUG_INFORMATION_FORMAT = "dwarf-with-dsym";
				ENABLE_NS_ASSERTIONS = NO;
				ENABLE_STRICT_OBJC_MSGSEND = YES;
				GCC_C_LANGUAGE_STANDARD = gnu99;
				GCC_NO_COMMON_BLOCKS = YES;
				GCC_WARN_64_TO_32_BIT_CONVERSION = YES;
				GCC_WARN_ABOUT_RETURN_TYPE = YES_ERROR;
				GCC_WARN_UNDECLARED_SELECTOR = YES;
				GCC_WARN_UNINITIALIZED_AUTOS = YES_AGGRESSIVE;
				GCC_WARN_UNUSED_FUNCTION = YES;
				GCC_WARN_UNUSED_VARIABLE = YES;
				IPHONEOS_DEPLOYMENT_TARGET = 9.3;
				MTL_ENABLE_DEBUG_INFO = NO;
				SDKROOT = iphoneos;
				SWIFT_OPTIMIZATION_LEVEL = "-Owholemodule";
				VALIDATE_PRODUCT = YES;
			};
			name = Release;
		};
		7AD5E8861DD2D5E000AB8107 /* Debug */ = {
			isa = XCBuildConfiguration;
			buildSettings = {
				ASSETCATALOG_COMPILER_APPICON_NAME = AppIcon;
				DEVELOPMENT_TEAM = 9F3KC5MR2C;
				INFOPLIST_FILE = sampleCoolTabbar/Info.plist;
				LD_RUNPATH_SEARCH_PATHS = "$(inherited) @executable_path/Frameworks";
				PRODUCT_BUNDLE_IDENTIFIER = ii.sampleCoolTabbar;
				PRODUCT_NAME = "$(TARGET_NAME)";
				SWIFT_VERSION = 3.0;
			};
			name = Debug;
		};
		7AD5E8871DD2D5E000AB8107 /* Release */ = {
			isa = XCBuildConfiguration;
			buildSettings = {
				ASSETCATALOG_COMPILER_APPICON_NAME = AppIcon;
				DEVELOPMENT_TEAM = 9F3KC5MR2C;
				INFOPLIST_FILE = sampleCoolTabbar/Info.plist;
				LD_RUNPATH_SEARCH_PATHS = "$(inherited) @executable_path/Frameworks";
				PRODUCT_BUNDLE_IDENTIFIER = ii.sampleCoolTabbar;
				PRODUCT_NAME = "$(TARGET_NAME)";
				SWIFT_VERSION = 3.0;
			};
			name = Release;
		};
/* End XCBuildConfiguration section */

/* Begin XCConfigurationList section */
		7AD5E86E1DD2D5DF00AB8107 /* Build configuration list for PBXProject "sampleCoolTabbar" */ = {
			isa = XCConfigurationList;
			buildConfigurations = (
				7AD5E8831DD2D5E000AB8107 /* Debug */,
				7AD5E8841DD2D5E000AB8107 /* Release */,
			);
			defaultConfigurationIsVisible = 0;
			defaultConfigurationName = Release;
		};
		7AD5E8851DD2D5E000AB8107 /* Build configuration list for PBXNativeTarget "sampleCoolTabbar" */ = {
			isa = XCConfigurationList;
			buildConfigurations = (
				7AD5E8861DD2D5E000AB8107 /* Debug */,
				7AD5E8871DD2D5E000AB8107 /* Release */,
			);
			defaultConfigurationIsVisible = 0;
			defaultConfigurationName = Release;
		};
/* End XCConfigurationList section */
	};
	rootObject = 7AD5E86B1DD2D5DF00AB8107 /* Project object */;
}
